
Microsoft Visual Studio Solution File, Format Version 12.00
# Visual Studio Version 17
VisualStudioVersion = 17.0.32014.148
MinimumVisualStudioVersion = 10.0.40219.1
Project("{9A19103F-16F7-4668-BE54-9A1E7A4F7556}") = "Web.Api.FluxoDeCaixa.Conta", "Web.Api.FluxoDeCaixa.Conta\Web.Api.FluxoDeCaixa.Conta.csproj", "{9E17565E-307B-4E79-83C1-FF523D6F4305}"
EndProject
Project("{9A19103F-16F7-4668-BE54-9A1E7A4F7556}") = "Web.Api.FluxoDeCaixa.Conta.Testes", "Web.Api.FluxoDeCaixa.Conta.Testes\Web.Api.FluxoDeCaixa.Conta.Testes.csproj", "{C5143712-A6D8-4B39-AE97-EA9BF43EAA31}"
EndProject
Global
	GlobalSection(SolutionConfigurationPlatforms) = preSolution
		Debug|Any CPU = Debug|Any CPU
		Release|Any CPU = Release|Any CPU
	EndGlobalSection
	GlobalSection(ProjectConfigurationPlatforms) = postSolution
		{9E17565E-307B-4E79-83C1-FF523D6F4305}.Debug|Any CPU.ActiveCfg = Debug|Any CPU
		{9E17565E-307B-4E79-83C1-FF523D6F4305}.Debug|Any CPU.Build.0 = Debug|Any CPU
		{9E17565E-307B-4E79-83C1-FF523D6F4305}.Release|Any CPU.ActiveCfg = Release|Any CPU
		{9E17565E-307B-4E79-83C1-FF523D6F4305}.Release|Any CPU.Build.0 = Release|Any CPU
		{C5143712-A6D8-4B39-AE97-EA9BF43EAA31}.Debug|Any CPU.ActiveCfg = Debug|Any CPU
		{C5143712-A6D8-4B39-AE97-EA9BF43EAA31}.Debug|Any CPU.Build.0 = Debug|Any CPU
		{C5143712-A6D8-4B39-AE97-EA9BF43EAA31}.Release|Any CPU.ActiveCfg = Release|Any CPU
		{C5143712-A6D8-4B39-AE97-EA9BF43EAA31}.Release|Any CPU.Build.0 = Release|Any CPU
	EndGlobalSection
	GlobalSection(SolutionProperties) = preSolution
		HideSolutionNode = FALSE
	EndGlobalSection
	GlobalSection(ExtensibilityGlobals) = postSolution
		SolutionGuid = {1F996B7C-A07E-4301-A64B-87341901EED9}
	EndGlobalSection
EndGlobal
